
Microsoft Visual Studio Solution File, Format Version 12.00
# Visual Studio 15
VisualStudioVersion = 15.0.26124.0
MinimumVisualStudioVersion = 15.0.26124.0
Project("{2150E333-8FDC-42A3-9474-1A3956D46DE8}") = "src", "src", "{039847F8-963E-49EF-84DF-A1F9BBD3B050}"
EndProject
Project("{FAE04EC0-301F-11D3-BF4B-00C04F79EFBC}") = "SimpleAPI", "src\SimpleAPI\SimpleAPI.csproj", "{64698553-0E9F-4242-84CC-8C321CC27D30}"
EndProject
Project("{2150E333-8FDC-42A3-9474-1A3956D46DE8}") = "test", "test", "{D83FBDFF-2325-4F55-8425-4B2165506D8D}"
EndProject
Project("{FAE04EC0-301F-11D3-BF4B-00C04F79EFBC}") = "SimpleAPI.Test", "test\SimpleAPI.Test\SimpleAPI.Test.csproj", "{60A33116-E91B-418A-A0B7-0E9C9E398178}"
EndProject
Global
	GlobalSection(SolutionConfigurationPlatforms) = preSolution
		Debug|Any CPU = Debug|Any CPU
		Debug|x64 = Debug|x64
		Debug|x86 = Debug|x86
		Release|Any CPU = Release|Any CPU
		Release|x64 = Release|x64
		Release|x86 = Release|x86
	EndGlobalSection
	GlobalSection(SolutionProperties) = preSolution
		HideSolutionNode = FALSE
	EndGlobalSection
	GlobalSection(ProjectConfigurationPlatforms) = postSolution
		{64698553-0E9F-4242-84CC-8C321CC27D30}.Debug|Any CPU.ActiveCfg = Debug|Any CPU
		{64698553-0E9F-4242-84CC-8C321CC27D30}.Debug|Any CPU.Build.0 = Debug|Any CPU
		{64698553-0E9F-4242-84CC-8C321CC27D30}.Debug|x64.ActiveCfg = Debug|Any CPU
		{64698553-0E9F-4242-84CC-8C321CC27D30}.Debug|x64.Build.0 = Debug|Any CPU
		{64698553-0E9F-4242-84CC-8C321CC27D30}.Debug|x86.ActiveCfg = Debug|Any CPU
		{64698553-0E9F-4242-84CC-8C321CC27D30}.Debug|x86.Build.0 = Debug|Any CPU
		{64698553-0E9F-4242-84CC-8C321CC27D30}.Release|Any CPU.ActiveCfg = Release|Any CPU
		{64698553-0E9F-4242-84CC-8C321CC27D30}.Release|Any CPU.Build.0 = Release|Any CPU
		{64698553-0E9F-4242-84CC-8C321CC27D30}.Release|x64.ActiveCfg = Release|Any CPU
		{64698553-0E9F-4242-84CC-8C321CC27D30}.Release|x64.Build.0 = Release|Any CPU
		{64698553-0E9F-4242-84CC-8C321CC27D30}.Release|x86.ActiveCfg = Release|Any CPU
		{64698553-0E9F-4242-84CC-8C321CC27D30}.Release|x86.Build.0 = Release|Any CPU
		{60A33116-E91B-418A-A0B7-0E9C9E398178}.Debug|Any CPU.ActiveCfg = Debug|Any CPU
		{60A33116-E91B-418A-A0B7-0E9C9E398178}.Debug|Any CPU.Build.0 = Debug|Any CPU
		{60A33116-E91B-418A-A0B7-0E9C9E398178}.Debug|x64.ActiveCfg = Debug|Any CPU
		{60A33116-E91B-418A-A0B7-0E9C9E398178}.Debug|x64.Build.0 = Debug|Any CPU
		{60A33116-E91B-418A-A0B7-0E9C9E398178}.Debug|x86.ActiveCfg = Debug|Any CPU
		{60A33116-E91B-418A-A0B7-0E9C9E398178}.Debug|x86.Build.0 = Debug|Any CPU
		{60A33116-E91B-418A-A0B7-0E9C9E398178}.Release|Any CPU.ActiveCfg = Release|Any CPU
		{60A33116-E91B-418A-A0B7-0E9C9E398178}.Release|Any CPU.Build.0 = Release|Any CPU
		{60A33116-E91B-418A-A0B7-0E9C9E398178}.Release|x64.ActiveCfg = Release|Any CPU
		{60A33116-E91B-418A-A0B7-0E9C9E398178}.Release|x64.Build.0 = Release|Any CPU
		{60A33116-E91B-418A-A0B7-0E9C9E398178}.Release|x86.ActiveCfg = Release|Any CPU
		{60A33116-E91B-418A-A0B7-0E9C9E398178}.Release|x86.Build.0 = Release|Any CPU
	EndGlobalSection
	GlobalSection(NestedProjects) = preSolution
		{64698553-0E9F-4242-84CC-8C321CC27D30} = {039847F8-963E-49EF-84DF-A1F9BBD3B050}
		{60A33116-E91B-418A-A0B7-0E9C9E398178} = {D83FBDFF-2325-4F55-8425-4B2165506D8D}
	EndGlobalSection
EndGlobal
